
Microsoft Visual Studio Solution File, Format Version 12.00
# Visual Studio Version 16
VisualStudioVersion = 16.0.30907.101
MinimumVisualStudioVersion = 10.0.40219.1
Project("{FAE04EC0-301F-11D3-BF4B-00C04F79EFBC}") = "Скобки", "Скобки\Скобки.csproj", "{5CC371B0-521D-4D27-AB5C-23EB5BC3B014}"
EndProject
Global
	GlobalSection(SolutionConfigurationPlatforms) = preSolution
		Debug|Any CPU = Debug|Any CPU
		Release|Any CPU = Release|Any CPU
	EndGlobalSection
	GlobalSection(ProjectConfigurationPlatforms) = postSolution
		{5CC371B0-521D-4D27-AB5C-23EB5BC3B014}.Debug|Any CPU.ActiveCfg = Debug|Any CPU
		{5CC371B0-521D-4D27-AB5C-23EB5BC3B014}.Debug|Any CPU.Build.0 = Debug|Any CPU
		{5CC371B0-521D-4D27-AB5C-23EB5BC3B014}.Release|Any CPU.ActiveCfg = Release|Any CPU
		{5CC371B0-521D-4D27-AB5C-23EB5BC3B014}.Release|Any CPU.Build.0 = Release|Any CPU
	EndGlobalSection
	GlobalSection(SolutionProperties) = preSolution
		HideSolutionNode = FALSE
	EndGlobalSection
	GlobalSection(ExtensibilityGlobals) = postSolution
		SolutionGuid = {2B5E6335-E36D-431E-964B-23AED0345BA3}
	EndGlobalSection
EndGlobal
